
Microsoft Visual Studio Solution File, Format Version 12.00
# Visual Studio Version 17
VisualStudioVersion = 17.14.36616.10 d17.14
MinimumVisualStudioVersion = 10.0.40219.1
Project("{FAE04EC0-301F-11D3-BF4B-00C04F79EFBC}") = "polymorphism practics", "polymorphism practics\polymorphism practics.csproj", "{B873D427-6049-460C-A1AA-3627BA3460CB}"
EndProject
Global
	GlobalSection(SolutionConfigurationPlatforms) = preSolution
		Debug|Any CPU = Debug|Any CPU
		Release|Any CPU = Release|Any CPU
	EndGlobalSection
	GlobalSection(ProjectConfigurationPlatforms) = postSolution
		{B873D427-6049-460C-A1AA-3627BA3460CB}.Debug|Any CPU.ActiveCfg = Debug|Any CPU
		{B873D427-6049-460C-A1AA-3627BA3460CB}.Debug|Any CPU.Build.0 = Debug|Any CPU
		{B873D427-6049-460C-A1AA-3627BA3460CB}.Release|Any CPU.ActiveCfg = Release|Any CPU
		{B873D427-6049-460C-A1AA-3627BA3460CB}.Release|Any CPU.Build.0 = Release|Any CPU
	EndGlobalSection
	GlobalSection(SolutionProperties) = preSolution
		HideSolutionNode = FALSE
	EndGlobalSection
	GlobalSection(ExtensibilityGlobals) = postSolution
		SolutionGuid = {303F4C26-F5B8-48E7-ABDA-A3C5B15CED7D}
	EndGlobalSection
EndGlobal
