
Microsoft Visual Studio Solution File, Format Version 12.00
# Visual Studio Version 17
VisualStudioVersion = 17.14.36616.10 d17.14
MinimumVisualStudioVersion = 10.0.40219.1
Project("{FAE04EC0-301F-11D3-BF4B-00C04F79EFBC}") = "right angle triangle problem brute forcer", "right angle triangle problem brute forcer\right angle triangle problem brute forcer.csproj", "{9CB64E8A-6066-4B93-B5FA-4E2BCE97061D}"
EndProject
Global
	GlobalSection(SolutionConfigurationPlatforms) = preSolution
		Debug|Any CPU = Debug|Any CPU
		Release|Any CPU = Release|Any CPU
	EndGlobalSection
	GlobalSection(ProjectConfigurationPlatforms) = postSolution
		{9CB64E8A-6066-4B93-B5FA-4E2BCE97061D}.Debug|Any CPU.ActiveCfg = Debug|Any CPU
		{9CB64E8A-6066-4B93-B5FA-4E2BCE97061D}.Debug|Any CPU.Build.0 = Debug|Any CPU
		{9CB64E8A-6066-4B93-B5FA-4E2BCE97061D}.Release|Any CPU.ActiveCfg = Release|Any CPU
		{9CB64E8A-6066-4B93-B5FA-4E2BCE97061D}.Release|Any CPU.Build.0 = Release|Any CPU
	EndGlobalSection
	GlobalSection(SolutionProperties) = preSolution
		HideSolutionNode = FALSE
	EndGlobalSection
	GlobalSection(ExtensibilityGlobals) = postSolution
		SolutionGuid = {B50405B5-1AA5-414C-8DC7-06D43E7E2E9E}
	EndGlobalSection
EndGlobal
