
Microsoft Visual Studio Solution File, Format Version 12.00
# Visual Studio Version 17
VisualStudioVersion = 17.14.36616.10 d17.14
MinimumVisualStudioVersion = 10.0.40219.1
Project("{FAE04EC0-301F-11D3-BF4B-00C04F79EFBC}") = "Q4 big boi", "Q4 big boi\Q4 big boi.csproj", "{EA80B882-F0D3-4596-AF78-2F60BAA07F74}"
EndProject
Global
	GlobalSection(SolutionConfigurationPlatforms) = preSolution
		Debug|Any CPU = Debug|Any CPU
		Release|Any CPU = Release|Any CPU
	EndGlobalSection
	GlobalSection(ProjectConfigurationPlatforms) = postSolution
		{EA80B882-F0D3-4596-AF78-2F60BAA07F74}.Debug|Any CPU.ActiveCfg = Debug|Any CPU
		{EA80B882-F0D3-4596-AF78-2F60BAA07F74}.Debug|Any CPU.Build.0 = Debug|Any CPU
		{EA80B882-F0D3-4596-AF78-2F60BAA07F74}.Release|Any CPU.ActiveCfg = Release|Any CPU
		{EA80B882-F0D3-4596-AF78-2F60BAA07F74}.Release|Any CPU.Build.0 = Release|Any CPU
	EndGlobalSection
	GlobalSection(SolutionProperties) = preSolution
		HideSolutionNode = FALSE
	EndGlobalSection
	GlobalSection(ExtensibilityGlobals) = postSolution
		SolutionGuid = {4F8A040E-4E68-484C-B6E9-F065B42E4CCC}
	EndGlobalSection
EndGlobal
